// !$*UTF8*$!
{
	archiveVersion = 1;
	classes = {
	};
	objectVersion = 51;
	objects = {

/* Begin PBXBuildFile section */
		4C7DE1EF23614D1700C444C2 /* AppDelegate.m in Sources */ = {isa = PBXBuildFile; fileRef = 4C7DE1EE23614D1700C444C2 /* AppDelegate.m */; };
		4C7DE1F223614D1700C444C2 /* SceneDelegate.m in Sources */ = {isa = PBXBuildFile; fileRef = 4C7DE1F123614D1700C444C2 /* SceneDelegate.m */; };
		4C7DE1F523614D1700C444C2 /* ViewController.m in Sources */ = {isa = PBXBuildFile; fileRef = 4C7DE1F423614D1700C444C2 /* ViewController.m */; };
		4C7DE1F823614D1700C444C2 /* Main.storyboard in Resources */ = {isa = PBXBuildFile; fileRef = 4C7DE1F623614D1700C444C2 /* Main.storyboard */; };
		4C7DE1FA23614D1F00C444C2 /* Assets.xcassets in Resources */ = {isa = PBXBuildFile; fileRef = 4C7DE1F923614D1F00C444C2 /* Assets.xcassets */; };
		4C7DE1FD23614D1F00C444C2 /* LaunchScreen.storyboard in Resources */ = {isa = PBXBuildFile; fileRef = 4C7DE1FB23614D1F00C444C2 /* LaunchScreen.storyboard */; };
		4C7DE20023614D1F00C444C2 /* main.m in Sources */ = {isa = PBXBuildFile; fileRef = 4C7DE1FF23614D1F00C444C2 /* main.m */; };
		4C7DE20A23614D1F00C444C2 /* STUMap2Tests.m in Sources */ = {isa = PBXBuildFile; fileRef = 4C7DE20923614D1F00C444C2 /* STUMap2Tests.m */; };
		4C7DE21523614D1F00C444C2 /* STUMap2UITests.m in Sources */ = {isa = PBXBuildFile; fileRef = 4C7DE21423614D1F00C444C2 /* STUMap2UITests.m */; };
		4C7DE43B2364994B00C444C2 /* UIView+Size.m in Sources */ = {isa = PBXBuildFile; fileRef = 4C7DE4382364994A00C444C2 /* UIView+Size.m */; };
		4C7DE43C2364994B00C444C2 /* SlideScrollView.m in Sources */ = {isa = PBXBuildFile; fileRef = 4C7DE4392364994B00C444C2 /* SlideScrollView.m */; };
		4C7DE44323649F9F00C444C2 /* PlaceholderTextView.m in Sources */ = {isa = PBXBuildFile; fileRef = 4C7DE44123649F9F00C444C2 /* PlaceholderTextView.m */; };
		4C7DE4462364A00800C444C2 /* EditStoryTableViewCell.m in Sources */ = {isa = PBXBuildFile; fileRef = 4C7DE4452364A00800C444C2 /* EditStoryTableViewCell.m */; };
		4C7DE4492365427B00C444C2 /* StoryPaopaoView.m in Sources */ = {isa = PBXBuildFile; fileRef = 4C7DE4482365427B00C444C2 /* StoryPaopaoView.m */; };
		4C7DE44C23656EF700C444C2 /* StoryDB.xcdatamodeld in Sources */ = {isa = PBXBuildFile; fileRef = 4C7DE44A23656EF700C444C2 /* StoryDB.xcdatamodeld */; };
		4C7DE4562365874900C444C2 /* CoreDataManager.m in Sources */ = {isa = PBXBuildFile; fileRef = 4C7DE4552365874900C444C2 /* CoreDataManager.m */; };
		4C7DE45B2365909500C444C2 /* StoryPointModel.m in Sources */ = {isa = PBXBuildFile; fileRef = 4C7DE4592365909500C444C2 /* StoryPointModel.m */; };
		4C7DE45C2365909500C444C2 /* StoryPointModel+CoreDataProperties.m in Sources */ = {isa = PBXBuildFile; fileRef = 4C7DE45A2365909500C444C2 /* StoryPointModel+CoreDataProperties.m */; };
		4C7DE46223659C5600C444C2 /* BMKPointAnnotation+StoryID.m in Sources */ = {isa = PBXBuildFile; fileRef = 4C7DE46123659C5600C444C2 /* BMKPointAnnotation+StoryID.m */; };
		4C7DE4652365BD5300C444C2 /* SCBMKPointAnnotationSubClass.m in Sources */ = {isa = PBXBuildFile; fileRef = 4C7DE4642365BD5300C444C2 /* SCBMKPointAnnotationSubClass.m */; };
		8BDDEF25761A6CACC54DE16B /* libPods-STUMap2.a in Frameworks */ = {isa = PBXBuildFile; fileRef = A865330BB0BC076DDDFAC871 /* libPods-STUMap2.a */; };
/* End PBXBuildFile section */

/* Begin PBXContainerItemProxy section */
		4C7DE20623614D1F00C444C2 /* PBXContainerItemProxy */ = {
			isa = PBXContainerItemProxy;
			containerPortal = 4C7DE1E223614D1700C444C2 /* Project object */;
			proxyType = 1;
			remoteGlobalIDString = 4C7DE1E923614D1700C444C2;
			remoteInfo = STUMap2;
		};
		4C7DE21123614D1F00C444C2 /* PBXContainerItemProxy */ = {
			isa = PBXContainerItemProxy;
			containerPortal = 4C7DE1E223614D1700C444C2 /* Project object */;
			proxyType = 1;
			remoteGlobalIDString = 4C7DE1E923614D1700C444C2;
			remoteInfo = STUMap2;
		};
/* End PBXContainerItemProxy section */

/* Begin PBXFileReference section */
		3EB21340DE6ED6F0DEAE0766 /* Pods-STUMap2.release.xcconfig */ = {isa = PBXFileReference; includeInIndex = 1; lastKnownFileType = text.xcconfig; name = "Pods-STUMap2.release.xcconfig"; path = "Target Support Files/Pods-STUMap2/Pods-STUMap2.release.xcconfig"; sourceTree = "<group>"; };
		4C7DE1EA23614D1700C444C2 /* STUMap2.app */ = {isa = PBXFileReference; explicitFileType = wrapper.application; includeInIndex = 0; path = STUMap2.app; sourceTree = BUILT_PRODUCTS_DIR; };
		4C7DE1ED23614D1700C444C2 /* AppDelegate.h */ = {isa = PBXFileReference; lastKnownFileType = sourcecode.c.h; path = AppDelegate.h; sourceTree = "<group>"; };
		4C7DE1EE23614D1700C444C2 /* AppDelegate.m */ = {isa = PBXFileReference; lastKnownFileType = sourcecode.c.objc; path = AppDelegate.m; sourceTree = "<group>"; };
		4C7DE1F023614D1700C444C2 /* SceneDelegate.h */ = {isa = PBXFileReference; lastKnownFileType = sourcecode.c.h; path = SceneDelegate.h; sourceTree = "<group>"; };
		4C7DE1F123614D1700C444C2 /* SceneDelegate.m */ = {isa = PBXFileReference; lastKnownFileType = sourcecode.c.objc; path = SceneDelegate.m; sourceTree = "<group>"; };
		4C7DE1F323614D1700C444C2 /* ViewController.h */ = {isa = PBXFileReference; lastKnownFileType = sourcecode.c.h; path = ViewController.h; sourceTree = "<group>"; };
		4C7DE1F423614D1700C444C2 /* ViewController.m */ = {isa = PBXFileReference; lastKnownFileType = sourcecode.c.objc; path = ViewController.m; sourceTree = "<group>"; };
		4C7DE1F723614D1700C444C2 /* Base */ = {isa = PBXFileReference; lastKnownFileType = file.storyboard; name = Base; path = Base.lproj/Main.storyboard; sourceTree = "<group>"; };
		4C7DE1F923614D1F00C444C2 /* Assets.xcassets */ = {isa = PBXFileReference; lastKnownFileType = folder.assetcatalog; path = Assets.xcassets; sourceTree = "<group>"; };
		4C7DE1FC23614D1F00C444C2 /* Base */ = {isa = PBXFileReference; lastKnownFileType = file.storyboard; name = Base; path = Base.lproj/LaunchScreen.storyboard; sourceTree = "<group>"; };
		4C7DE1FE23614D1F00C444C2 /* Info.plist */ = {isa = PBXFileReference; lastKnownFileType = text.plist.xml; path = Info.plist; sourceTree = "<group>"; };
		4C7DE1FF23614D1F00C444C2 /* main.m */ = {isa = PBXFileReference; lastKnownFileType = sourcecode.c.objc; path = main.m; sourceTree = "<group>"; };
		4C7DE20523614D1F00C444C2 /* STUMap2Tests.xctest */ = {isa = PBXFileReference; explicitFileType = wrapper.cfbundle; includeInIndex = 0; path = STUMap2Tests.xctest; sourceTree = BUILT_PRODUCTS_DIR; };
		4C7DE20923614D1F00C444C2 /* STUMap2Tests.m */ = {isa = PBXFileReference; lastKnownFileType = sourcecode.c.objc; path = STUMap2Tests.m; sourceTree = "<group>"; };
		4C7DE20B23614D1F00C444C2 /* Info.plist */ = {isa = PBXFileReference; lastKnownFileType = text.plist.xml; path = Info.plist; sourceTree = "<group>"; };
		4C7DE21023614D1F00C444C2 /* STUMap2UITests.xctest */ = {isa = PBXFileReference; explicitFileType = wrapper.cfbundle; includeInIndex = 0; path = STUMap2UITests.xctest; sourceTree = BUILT_PRODUCTS_DIR; };
		4C7DE21423614D1F00C444C2 /* STUMap2UITests.m */ = {isa = PBXFileReference; lastKnownFileType = sourcecode.c.objc; path = STUMap2UITests.m; sourceTree = "<group>"; };
		4C7DE21623614D1F00C444C2 /* Info.plist */ = {isa = PBXFileReference; lastKnownFileType = text.plist.xml; path = Info.plist; sourceTree = "<group>"; };
		4C7DE4372364994A00C444C2 /* SlideScrollView.h */ = {isa = PBXFileReference; fileEncoding = 4; lastKnownFileType = sourcecode.c.h; path = SlideScrollView.h; sourceTree = "<group>"; };
		4C7DE4382364994A00C444C2 /* UIView+Size.m */ = {isa = PBXFileReference; fileEncoding = 4; lastKnownFileType = sourcecode.c.objc; path = "UIView+Size.m"; sourceTree = "<group>"; };
		4C7DE4392364994B00C444C2 /* SlideScrollView.m */ = {isa = PBXFileReference; fileEncoding = 4; lastKnownFileType = sourcecode.c.objc; path = SlideScrollView.m; sourceTree = "<group>"; };
		4C7DE43A2364994B00C444C2 /* UIView+Size.h */ = {isa = PBXFileReference; fileEncoding = 4; lastKnownFileType = sourcecode.c.h; path = "UIView+Size.h"; sourceTree = "<group>"; };
		4C7DE44123649F9F00C444C2 /* PlaceholderTextView.m */ = {isa = PBXFileReference; fileEncoding = 4; lastKnownFileType = sourcecode.c.objc; path = PlaceholderTextView.m; sourceTree = "<group>"; };
		4C7DE44223649F9F00C444C2 /* PlaceholderTextView.h */ = {isa = PBXFileReference; fileEncoding = 4; lastKnownFileType = sourcecode.c.h; path = PlaceholderTextView.h; sourceTree = "<group>"; };
		4C7DE4442364A00800C444C2 /* EditStoryTableViewCell.h */ = {isa = PBXFileReference; lastKnownFileType = sourcecode.c.h; path = EditStoryTableViewCell.h; sourceTree = "<group>"; };
		4C7DE4452364A00800C444C2 /* EditStoryTableViewCell.m */ = {isa = PBXFileReference; lastKnownFileType = sourcecode.c.objc; path = EditStoryTableViewCell.m; sourceTree = "<group>"; };
		4C7DE4472365427B00C444C2 /* StoryPaopaoView.h */ = {isa = PBXFileReference; lastKnownFileType = sourcecode.c.h; path = StoryPaopaoView.h; sourceTree = "<group>"; };
		4C7DE4482365427B00C444C2 /* StoryPaopaoView.m */ = {isa = PBXFileReference; lastKnownFileType = sourcecode.c.objc; path = StoryPaopaoView.m; sourceTree = "<group>"; };
		4C7DE44B23656EF700C444C2 /* StoryDB.xcdatamodel */ = {isa = PBXFileReference; lastKnownFileType = wrapper.xcdatamodel; path = StoryDB.xcdatamodel; sourceTree = "<group>"; };
		4C7DE4542365874900C444C2 /* CoreDataManager.h */ = {isa = PBXFileReference; lastKnownFileType = sourcecode.c.h; path = CoreDataManager.h; sourceTree = "<group>"; };
		4C7DE4552365874900C444C2 /* CoreDataManager.m */ = {isa = PBXFileReference; lastKnownFileType = sourcecode.c.objc; path = CoreDataManager.m; sourceTree = "<group>"; };
		4C7DE4572365909500C444C2 /* StoryPointModel+CoreDataProperties.h */ = {isa = PBXFileReference; lastKnownFileType = sourcecode.c.h; path = "StoryPointModel+CoreDataProperties.h"; sourceTree = "<group>"; };
		4C7DE4582365909500C444C2 /* StoryPointModel.h */ = {isa = PBXFileReference; lastKnownFileType = sourcecode.c.h; path = StoryPointModel.h; sourceTree = "<group>"; };
		4C7DE4592365909500C444C2 /* StoryPointModel.m */ = {isa = PBXFileReference; lastKnownFileType = sourcecode.c.objc; path = StoryPointModel.m; sourceTree = "<group>"; };
		4C7DE45A2365909500C444C2 /* StoryPointModel+CoreDataProperties.m */ = {isa = PBXFileReference; lastKnownFileType = sourcecode.c.objc; path = "StoryPointModel+CoreDataProperties.m"; sourceTree = "<group>"; };
		4C7DE46023659C5600C444C2 /* BMKPointAnnotation+StoryID.h */ = {isa = PBXFileReference; lastKnownFileType = sourcecode.c.h; path = "BMKPointAnnotation+StoryID.h"; sourceTree = "<group>"; };
		4C7DE46123659C5600C444C2 /* BMKPointAnnotation+StoryID.m */ = {isa = PBXFileReference; lastKnownFileType = sourcecode.c.objc; path = "BMKPointAnnotation+StoryID.m"; sourceTree = "<group>"; };
		4C7DE4632365BD5300C444C2 /* SCBMKPointAnnotationSubClass.h */ = {isa = PBXFileReference; lastKnownFileType = sourcecode.c.h; path = SCBMKPointAnnotationSubClass.h; sourceTree = "<group>"; };
		4C7DE4642365BD5300C444C2 /* SCBMKPointAnnotationSubClass.m */ = {isa = PBXFileReference; lastKnownFileType = sourcecode.c.objc; path = SCBMKPointAnnotationSubClass.m; sourceTree = "<group>"; };
		517CE2F3308207B1F2669D2B /* Pods-STUMap2.debug.xcconfig */ = {isa = PBXFileReference; includeInIndex = 1; lastKnownFileType = text.xcconfig; name = "Pods-STUMap2.debug.xcconfig"; path = "Target Support Files/Pods-STUMap2/Pods-STUMap2.debug.xcconfig"; sourceTree = "<group>"; };
		A865330BB0BC076DDDFAC871 /* libPods-STUMap2.a */ = {isa = PBXFileReference; explicitFileType = archive.ar; includeInIndex = 0; path = "libPods-STUMap2.a"; sourceTree = BUILT_PRODUCTS_DIR; };
/* End PBXFileReference section */

/* Begin PBXFrameworksBuildPhase section */
		4C7DE1E723614D1700C444C2 /* Frameworks */ = {
			isa = PBXFrameworksBuildPhase;
			buildActionMask = 2147483647;
			files = (
				8BDDEF25761A6CACC54DE16B /* libPods-STUMap2.a in Frameworks */,
			);
			runOnlyForDeploymentPostprocessing = 0;
		};
		4C7DE20223614D1F00C444C2 /* Frameworks */ = {
			isa = PBXFrameworksBuildPhase;
			buildActionMask = 2147483647;
			files = (
			);
			runOnlyForDeploymentPostprocessing = 0;
		};
		4C7DE20D23614D1F00C444C2 /* Frameworks */ = {
			isa = PBXFrameworksBuildPhase;
			buildActionMask = 2147483647;
			files = (
			);
			runOnlyForDeploymentPostprocessing = 0;
		};
/* End PBXFrameworksBuildPhase section */

/* Begin PBXGroup section */
		49E7B901746CD91BDD87E0E9 /* Frameworks */ = {
			isa = PBXGroup;
			children = (
				A865330BB0BC076DDDFAC871 /* libPods-STUMap2.a */,
			);
			name = Frameworks;
			sourceTree = "<group>";
		};
		4C7DE1E123614D1700C444C2 = {
			isa = PBXGroup;
			children = (
				4C7DE1EC23614D1700C444C2 /* STUMap2 */,
				4C7DE20823614D1F00C444C2 /* STUMap2Tests */,
				4C7DE21323614D1F00C444C2 /* STUMap2UITests */,
				4C7DE1EB23614D1700C444C2 /* Products */,
				5FB2CEC3D0F9B0DFD541754C /* Pods */,
				49E7B901746CD91BDD87E0E9 /* Frameworks */,
			);
			sourceTree = "<group>";
		};
		4C7DE1EB23614D1700C444C2 /* Products */ = {
			isa = PBXGroup;
			children = (
				4C7DE1EA23614D1700C444C2 /* STUMap2.app */,
				4C7DE20523614D1F00C444C2 /* STUMap2Tests.xctest */,
				4C7DE21023614D1F00C444C2 /* STUMap2UITests.xctest */,
			);
			name = Products;
			sourceTree = "<group>";
		};
		4C7DE1EC23614D1700C444C2 /* STUMap2 */ = {
			isa = PBXGroup;
			children = (
				4C7DE44D236586D300C444C2 /* Model */,
				4C7DE43D236499B300C444C2 /* BottomSlideView */,
				4C7DE1ED23614D1700C444C2 /* AppDelegate.h */,
				4C7DE1EE23614D1700C444C2 /* AppDelegate.m */,
				4C7DE1F023614D1700C444C2 /* SceneDelegate.h */,
				4C7DE1F123614D1700C444C2 /* SceneDelegate.m */,
				4C7DE1F323614D1700C444C2 /* ViewController.h */,
				4C7DE1F423614D1700C444C2 /* ViewController.m */,
				4C7DE1F623614D1700C444C2 /* Main.storyboard */,
				4C7DE1F923614D1F00C444C2 /* Assets.xcassets */,
				4C7DE1FB23614D1F00C444C2 /* LaunchScreen.storyboard */,
				4C7DE1FE23614D1F00C444C2 /* Info.plist */,
				4C7DE1FF23614D1F00C444C2 /* main.m */,
				4C7DE4472365427B00C444C2 /* StoryPaopaoView.h */,
				4C7DE4482365427B00C444C2 /* StoryPaopaoView.m */,
				4C7DE44A23656EF700C444C2 /* StoryDB.xcdatamodeld */,
				4C7DE4542365874900C444C2 /* CoreDataManager.h */,
				4C7DE4552365874900C444C2 /* CoreDataManager.m */,
				4C7DE46023659C5600C444C2 /* BMKPointAnnotation+StoryID.h */,
				4C7DE46123659C5600C444C2 /* BMKPointAnnotation+StoryID.m */,
				4C7DE4632365BD5300C444C2 /* SCBMKPointAnnotationSubClass.h */,
				4C7DE4642365BD5300C444C2 /* SCBMKPointAnnotationSubClass.m */,
			);
			path = STUMap2;
			sourceTree = "<group>";
		};
		4C7DE20823614D1F00C444C2 /* STUMap2Tests */ = {
			isa = PBXGroup;
			children = (
				4C7DE20923614D1F00C444C2 /* STUMap2Tests.m */,
				4C7DE20B23614D1F00C444C2 /* Info.plist */,
			);
			path = STUMap2Tests;
			sourceTree = "<group>";
		};
		4C7DE21323614D1F00C444C2 /* STUMap2UITests */ = {
			isa = PBXGroup;
			children = (
				4C7DE21423614D1F00C444C2 /* STUMap2UITests.m */,
				4C7DE21623614D1F00C444C2 /* Info.plist */,
			);
			path = STUMap2UITests;
			sourceTree = "<group>";
		};
		4C7DE43D236499B300C444C2 /* BottomSlideView */ = {
			isa = PBXGroup;
			children = (
				4C7DE44223649F9F00C444C2 /* PlaceholderTextView.h */,
				4C7DE44123649F9F00C444C2 /* PlaceholderTextView.m */,
				4C7DE4372364994A00C444C2 /* SlideScrollView.h */,
				4C7DE4392364994B00C444C2 /* SlideScrollView.m */,
				4C7DE43A2364994B00C444C2 /* UIView+Size.h */,
				4C7DE4382364994A00C444C2 /* UIView+Size.m */,
				4C7DE4442364A00800C444C2 /* EditStoryTableViewCell.h */,
				4C7DE4452364A00800C444C2 /* EditStoryTableViewCell.m */,
			);
			path = BottomSlideView;
			sourceTree = "<group>";
		};
		4C7DE44D236586D300C444C2 /* Model */ = {
			isa = PBXGroup;
			children = (
				4C7DE4572365909500C444C2 /* StoryPointModel+CoreDataProperties.h */,
				4C7DE4582365909500C444C2 /* StoryPointModel.h */,
				4C7DE4592365909500C444C2 /* StoryPointModel.m */,
				4C7DE45A2365909500C444C2 /* StoryPointModel+CoreDataProperties.m */,
			);
			path = Model;
			sourceTree = "<group>";
		};
		5FB2CEC3D0F9B0DFD541754C /* Pods */ = {
			isa = PBXGroup;
			children = (
				517CE2F3308207B1F2669D2B /* Pods-STUMap2.debug.xcconfig */,
				3EB21340DE6ED6F0DEAE0766 /* Pods-STUMap2.release.xcconfig */,
			);
			path = Pods;
			sourceTree = "<group>";
		};
/* End PBXGroup section */

/* Begin PBXNativeTarget section */
		4C7DE1E923614D1700C444C2 /* STUMap2 */ = {
			isa = PBXNativeTarget;
			buildConfigurationList = 4C7DE21923614D1F00C444C2 /* Build configuration list for PBXNativeTarget "STUMap2" */;
			buildPhases = (
				40E4F5F2C20152894D906499 /* [CP] Check Pods Manifest.lock */,
				4C7DE1E623614D1700C444C2 /* Sources */,
				4C7DE1E723614D1700C444C2 /* Frameworks */,
				4C7DE1E823614D1700C444C2 /* Resources */,
				7976FF636103A5B1C9FEA04C /* [CP] Copy Pods Resources */,
			);
			buildRules = (
			);
			dependencies = (
			);
			name = STUMap2;
			productName = STUMap2;
			productReference = 4C7DE1EA23614D1700C444C2 /* STUMap2.app */;
			productType = "com.apple.product-type.application";
		};
		4C7DE20423614D1F00C444C2 /* STUMap2Tests */ = {
			isa = PBXNativeTarget;
			buildConfigurationList = 4C7DE21C23614D1F00C444C2 /* Build configuration list for PBXNativeTarget "STUMap2Tests" */;
			buildPhases = (
				4C7DE20123614D1F00C444C2 /* Sources */,
				4C7DE20223614D1F00C444C2 /* Frameworks */,
				4C7DE20323614D1F00C444C2 /* Resources */,
			);
			buildRules = (
			);
			dependencies = (
				4C7DE20723614D1F00C444C2 /* PBXTargetDependency */,
			);
			name = STUMap2Tests;
			productName = STUMap2Tests;
			productReference = 4C7DE20523614D1F00C444C2 /* STUMap2Tests.xctest */;
			productType = "com.apple.product-type.bundle.unit-test";
		};
		4C7DE20F23614D1F00C444C2 /* STUMap2UITests */ = {
			isa = PBXNativeTarget;
			buildConfigurationList = 4C7DE21F23614D1F00C444C2 /* Build configuration list for PBXNativeTarget "STUMap2UITests" */;
			buildPhases = (
				4C7DE20C23614D1F00C444C2 /* Sources */,
				4C7DE20D23614D1F00C444C2 /* Frameworks */,
				4C7DE20E23614D1F00C444C2 /* Resources */,
			);
			buildRules = (
			);
			dependencies = (
				4C7DE21223614D1F00C444C2 /* PBXTargetDependency */,
			);
			name = STUMap2UITests;
			productName = STUMap2UITests;
			productReference = 4C7DE21023614D1F00C444C2 /* STUMap2UITests.xctest */;
			productType = "com.apple.product-type.bundle.ui-testing";
		};
/* End PBXNativeTarget section */

/* Begin PBXProject section */
		4C7DE1E223614D1700C444C2 /* Project object */ = {
			isa = PBXProject;
			attributes = {
				LastUpgradeCheck = 1100;
				ORGANIZATIONNAME = hwl;
				TargetAttributes = {
					4C7DE1E923614D1700C444C2 = {
						CreatedOnToolsVersion = 11.0;
					};
					4C7DE20423614D1F00C444C2 = {
						CreatedOnToolsVersion = 11.0;
						TestTargetID = 4C7DE1E923614D1700C444C2;
					};
					4C7DE20F23614D1F00C444C2 = {
						CreatedOnToolsVersion = 11.0;
						TestTargetID = 4C7DE1E923614D1700C444C2;
					};
				};
			};
			buildConfigurationList = 4C7DE1E523614D1700C444C2 /* Build configuration list for PBXProject "STUMap2" */;
			compatibilityVersion = "Xcode 9.3";
			developmentRegion = en;
			hasScannedForEncodings = 0;
			knownRegions = (
				en,
				Base,
			);
			mainGroup = 4C7DE1E123614D1700C444C2;
			productRefGroup = 4C7DE1EB23614D1700C444C2 /* Products */;
			projectDirPath = "";
			projectRoot = "";
			targets = (
				4C7DE1E923614D1700C444C2 /* STUMap2 */,
				4C7DE20423614D1F00C444C2 /* STUMap2Tests */,
				4C7DE20F23614D1F00C444C2 /* STUMap2UITests */,
			);
		};
/* End PBXProject section */

/* Begin PBXResourcesBuildPhase section */
		4C7DE1E823614D1700C444C2 /* Resources */ = {
			isa = PBXResourcesBuildPhase;
			buildActionMask = 2147483647;
			files = (
				4C7DE1FD23614D1F00C444C2 /* LaunchScreen.storyboard in Resources */,
				4C7DE1FA23614D1F00C444C2 /* Assets.xcassets in Resources */,
				4C7DE1F823614D1700C444C2 /* Main.storyboard in Resources */,
			);
			runOnlyForDeploymentPostprocessing = 0;
		};
		4C7DE20323614D1F00C444C2 /* Resources */ = {
			isa = PBXResourcesBuildPhase;
			buildActionMask = 2147483647;
			files = (
			);
			runOnlyForDeploymentPostprocessing = 0;
		};
		4C7DE20E23614D1F00C444C2 /* Resources */ = {
			isa = PBXResourcesBuildPhase;
			buildActionMask = 2147483647;
			files = (
			);
			runOnlyForDeploymentPostprocessing = 0;
		};
/* End PBXResourcesBuildPhase section */

/* Begin PBXShellScriptBuildPhase section */
		40E4F5F2C20152894D906499 /* [CP] Check Pods Manifest.lock */ = {
			isa = PBXShellScriptBuildPhase;
			buildActionMask = 2147483647;
			files = (
			);
			inputFileListPaths = (
			);
			inputPaths = (
				"${PODS_PODFILE_DIR_PATH}/Podfile.lock",
				"${PODS_ROOT}/Manifest.lock",
			);
			name = "[CP] Check Pods Manifest.lock";
			outputFileListPaths = (
			);
			outputPaths = (
				"$(DERIVED_FILE_DIR)/Pods-STUMap2-checkManifestLockResult.txt",
			);
			runOnlyForDeploymentPostprocessing = 0;
			shellPath = /bin/sh;
			shellScript = "diff \"${PODS_PODFILE_DIR_PATH}/Podfile.lock\" \"${PODS_ROOT}/Manifest.lock\" > /dev/null\nif [ $? != 0 ] ; then\n    # print error to STDERR\n    echo \"error: The sandbox is not in sync with the Podfile.lock. Run 'pod install' or update your CocoaPods installation.\" >&2\n    exit 1\nfi\n# This output is used by Xcode 'outputs' to avoid re-running this script phase.\necho \"SUCCESS\" > \"${SCRIPT_OUTPUT_FILE_0}\"\n";
			showEnvVarsInLog = 0;
		};
		7976FF636103A5B1C9FEA04C /* [CP] Copy Pods Resources */ = {
			isa = PBXShellScriptBuildPhase;
			buildActionMask = 2147483647;
			files = (
			);
			inputFileListPaths = (
				"${PODS_ROOT}/Target Support Files/Pods-STUMap2/Pods-STUMap2-resources-${CONFIGURATION}-input-files.xcfilelist",
			);
			name = "[CP] Copy Pods Resources";
			outputFileListPaths = (
				"${PODS_ROOT}/Target Support Files/Pods-STUMap2/Pods-STUMap2-resources-${CONFIGURATION}-output-files.xcfilelist",
			);
			runOnlyForDeploymentPostprocessing = 0;
			shellPath = /bin/sh;
			shellScript = "\"${PODS_ROOT}/Target Support Files/Pods-STUMap2/Pods-STUMap2-resources.sh\"\n";
			showEnvVarsInLog = 0;
		};
/* End PBXShellScriptBuildPhase section */

/* Begin PBXSourcesBuildPhase section */
		4C7DE1E623614D1700C444C2 /* Sources */ = {
			isa = PBXSourcesBuildPhase;
			buildActionMask = 2147483647;
			files = (
				4C7DE4652365BD5300C444C2 /* SCBMKPointAnnotationSubClass.m in Sources */,
				4C7DE1F523614D1700C444C2 /* ViewController.m in Sources */,
				4C7DE45C2365909500C444C2 /* StoryPointModel+CoreDataProperties.m in Sources */,
				4C7DE1EF23614D1700C444C2 /* AppDelegate.m in Sources */,
				4C7DE43C2364994B00C444C2 /* SlideScrollView.m in Sources */,
				4C7DE4462364A00800C444C2 /* EditStoryTableViewCell.m in Sources */,
				4C7DE43B2364994B00C444C2 /* UIView+Size.m in Sources */,
				4C7DE20023614D1F00C444C2 /* main.m in Sources */,
				4C7DE45B2365909500C444C2 /* StoryPointModel.m in Sources */,
				4C7DE4562365874900C444C2 /* CoreDataManager.m in Sources */,
				4C7DE46223659C5600C444C2 /* BMKPointAnnotation+StoryID.m in Sources */,
				4C7DE1F223614D1700C444C2 /* SceneDelegate.m in Sources */,
				4C7DE4492365427B00C444C2 /* StoryPaopaoView.m in Sources */,
				4C7DE44C23656EF700C444C2 /* StoryDB.xcdatamodeld in Sources */,
				4C7DE44323649F9F00C444C2 /* PlaceholderTextView.m in Sources */,
			);
			runOnlyForDeploymentPostprocessing = 0;
		};
		4C7DE20123614D1F00C444C2 /* Sources */ = {
			isa = PBXSourcesBuildPhase;
			buildActionMask = 2147483647;
			files = (
				4C7DE20A23614D1F00C444C2 /* STUMap2Tests.m in Sources */,
			);
			runOnlyForDeploymentPostprocessing = 0;
		};
		4C7DE20C23614D1F00C444C2 /* Sources */ = {
			isa = PBXSourcesBuildPhase;
			buildActionMask = 2147483647;
			files = (
				4C7DE21523614D1F00C444C2 /* STUMap2UITests.m in Sources */,
			);
			runOnlyForDeploymentPostprocessing = 0;
		};
/* End PBXSourcesBuildPhase section */

/* Begin PBXTargetDependency section */
		4C7DE20723614D1F00C444C2 /* PBXTargetDependency */ = {
			isa = PBXTargetDependency;
			target = 4C7DE1E923614D1700C444C2 /* STUMap2 */;
			targetProxy = 4C7DE20623614D1F00C444C2 /* PBXContainerItemProxy */;
		};
		4C7DE21223614D1F00C444C2 /* PBXTargetDependency */ = {
			isa = PBXTargetDependency;
			target = 4C7DE1E923614D1700C444C2 /* STUMap2 */;
			targetProxy = 4C7DE21123614D1F00C444C2 /* PBXContainerItemProxy */;
		};
/* End PBXTargetDependency section */

/* Begin PBXVariantGroup section */
		4C7DE1F623614D1700C444C2 /* Main.storyboard */ = {
			isa = PBXVariantGroup;
			children = (
				4C7DE1F723614D1700C444C2 /* Base */,
			);
			name = Main.storyboard;
			sourceTree = "<group>";
		};
		4C7DE1FB23614D1F00C444C2 /* LaunchScreen.storyboard */ = {
			isa = PBXVariantGroup;
			children = (
				4C7DE1FC23614D1F00C444C2 /* Base */,
			);
			name = LaunchScreen.storyboard;
			sourceTree = "<group>";
		};
/* End PBXVariantGroup section */

/* Begin XCBuildConfiguration section */
		4C7DE21723614D1F00C444C2 /* Debug */ = {
			isa = XCBuildConfiguration;
			buildSettings = {
				ALWAYS_SEARCH_USER_PATHS = NO;
				CLANG_ANALYZER_NONNULL = YES;
				CLANG_ANALYZER_NUMBER_OBJECT_CONVERSION = YES_AGGRESSIVE;
				CLANG_CXX_LANGUAGE_STANDARD = "gnu++14";
				CLANG_CXX_LIBRARY = "libc++";
				CLANG_ENABLE_MODULES = YES;
				CLANG_ENABLE_OBJC_ARC = YES;
				CLANG_ENABLE_OBJC_WEAK = YES;
				CLANG_WARN_BLOCK_CAPTURE_AUTORELEASING = YES;
				CLANG_WARN_BOOL_CONVERSION = YES;
				CLANG_WARN_COMMA = YES;
				CLANG_WARN_CONSTANT_CONVERSION = YES;
				CLANG_WARN_DEPRECATED_OBJC_IMPLEMENTATIONS = YES;
				CLANG_WARN_DIRECT_OBJC_ISA_USAGE = YES_ERROR;
				CLANG_WARN_DOCUMENTATION_COMMENTS = YES;
				CLANG_WARN_EMPTY_BODY = YES;
				CLANG_WARN_ENUM_CONVERSION = YES;
				CLANG_WARN_INFINITE_RECURSION = YES;
				CLANG_WARN_INT_CONVERSION = YES;
				CLANG_WARN_NON_LITERAL_NULL_CONVERSION = YES;
				CLANG_WARN_OBJC_IMPLICIT_RETAIN_SELF = YES;
				CLANG_WARN_OBJC_LITERAL_CONVERSION = YES;
				CLANG_WARN_OBJC_ROOT_CLASS = YES_ERROR;
				CLANG_WARN_RANGE_LOOP_ANALYSIS = YES;
				CLANG_WARN_STRICT_PROTOTYPES = YES;
				CLANG_WARN_SUSPICIOUS_MOVE = YES;
				CLANG_WARN_UNGUARDED_AVAILABILITY = YES_AGGRESSIVE;
				CLANG_WARN_UNREACHABLE_CODE = YES;
				CLANG_WARN__DUPLICATE_METHOD_MATCH = YES;
				COPY_PHASE_STRIP = NO;
				DEBUG_INFORMATION_FORMAT = dwarf;
				ENABLE_STRICT_OBJC_MSGSEND = YES;
				ENABLE_TESTABILITY = YES;
				GCC_C_LANGUAGE_STANDARD = gnu11;
				GCC_DYNAMIC_NO_PIC = NO;
				GCC_NO_COMMON_BLOCKS = YES;
				GCC_OPTIMIZATION_LEVEL = 0;
				GCC_PREPROCESSOR_DEFINITIONS = (
					"DEBUG=1",
					"$(inherited)",
				);
				GCC_WARN_64_TO_32_BIT_CONVERSION = YES;
				GCC_WARN_ABOUT_RETURN_TYPE = YES_ERROR;
				GCC_WARN_UNDECLARED_SELECTOR = YES;
				GCC_WARN_UNINITIALIZED_AUTOS = YES_AGGRESSIVE;
				GCC_WARN_UNUSED_FUNCTION = YES;
				GCC_WARN_UNUSED_VARIABLE = YES;
				IPHONEOS_DEPLOYMENT_TARGET = 13.0;
				MTL_ENABLE_DEBUG_INFO = INCLUDE_SOURCE;
				MTL_FAST_MATH = YES;
				ONLY_ACTIVE_ARCH = YES;
				SDKROOT = iphoneos;
			};
			name = Debug;
		};
		4C7DE21823614D1F00C444C2 /* Release */ = {
			isa = XCBuildConfiguration;
			buildSettings = {
				ALWAYS_SEARCH_USER_PATHS = NO;
				CLANG_ANALYZER_NONNULL = YES;
				CLANG_ANALYZER_NUMBER_OBJECT_CONVERSION = YES_AGGRESSIVE;
				CLANG_CXX_LANGUAGE_STANDARD = "gnu++14";
				CLANG_CXX_LIBRARY = "libc++";
				CLANG_ENABLE_MODULES = YES;
				CLANG_ENABLE_OBJC_ARC = YES;
				CLANG_ENABLE_OBJC_WEAK = YES;
				CLANG_WARN_BLOCK_CAPTURE_AUTORELEASING = YES;
				CLANG_WARN_BOOL_CONVERSION = YES;
				CLANG_WARN_COMMA = YES;
				CLANG_WARN_CONSTANT_CONVERSION = YES;
				CLANG_WARN_DEPRECATED_OBJC_IMPLEMENTATIONS = YES;
				CLANG_WARN_DIRECT_OBJC_ISA_USAGE = YES_ERROR;
				CLANG_WARN_DOCUMENTATION_COMMENTS = YES;
				CLANG_WARN_EMPTY_BODY = YES;
				CLANG_WARN_ENUM_CONVERSION = YES;
				CLANG_WARN_INFINITE_RECURSION = YES;
				CLANG_WARN_INT_CONVERSION = YES;
				CLANG_WARN_NON_LITERAL_NULL_CONVERSION = YES;
				CLANG_WARN_OBJC_IMPLICIT_RETAIN_SELF = YES;
				CLANG_WARN_OBJC_LITERAL_CONVERSION = YES;
				CLANG_WARN_OBJC_ROOT_CLASS = YES_ERROR;
				CLANG_WARN_RANGE_LOOP_ANALYSIS = YES;
				CLANG_WARN_STRICT_PROTOTYPES = YES;
				CLANG_WARN_SUSPICIOUS_MOVE = YES;
				CLANG_WARN_UNGUARDED_AVAILABILITY = YES_AGGRESSIVE;
				CLANG_WARN_UNREACHABLE_CODE = YES;
				CLANG_WARN__DUPLICATE_METHOD_MATCH = YES;
				COPY_PHASE_STRIP = NO;
				DEBUG_INFORMATION_FORMAT = "dwarf-with-dsym";
				ENABLE_NS_ASSERTIONS = NO;
				ENABLE_STRICT_OBJC_MSGSEND = YES;
				GCC_C_LANGUAGE_STANDARD = gnu11;
				GCC_NO_COMMON_BLOCKS = YES;
				GCC_WARN_64_TO_32_BIT_CONVERSION = YES;
				GCC_WARN_ABOUT_RETURN_TYPE = YES_ERROR;
				GCC_WARN_UNDECLARED_SELECTOR = YES;
				GCC_WARN_UNINITIALIZED_AUTOS = YES_AGGRESSIVE;
				GCC_WARN_UNUSED_FUNCTION = YES;
				GCC_WARN_UNUSED_VARIABLE = YES;
				IPHONEOS_DEPLOYMENT_TARGET = 13.0;
				MTL_ENABLE_DEBUG_INFO = NO;
				MTL_FAST_MATH = YES;
				SDKROOT = iphoneos;
				VALIDATE_PRODUCT = YES;
			};
			name = Release;
		};
		4C7DE21A23614D1F00C444C2 /* Debug */ = {
			isa = XCBuildConfiguration;
			baseConfigurationReference = 517CE2F3308207B1F2669D2B /* Pods-STUMap2.debug.xcconfig */;
			buildSettings = {
				ASSETCATALOG_COMPILER_APPICON_NAME = AppIcon;
				CODE_SIGN_STYLE = Automatic;
				DEVELOPMENT_TEAM = Q58XYJ7VA6;
				INFOPLIST_FILE = STUMap2/Info.plist;
				LD_RUNPATH_SEARCH_PATHS = (
					"$(inherited)",
					"@executable_path/Frameworks",
				);
				LIBRARY_SEARCH_PATHS = (
					"$(inherited)",
					"$(PROJECT_DIR)/STUMap2/iOSDemo/Jpush-Demo/Pods/JCore",
					"$(PROJECT_DIR)/STUMap2/iOSDemo/Jpush-Demo/Pods/JPush",
				);
				PRODUCT_BUNDLE_IDENTIFIER = hwl.STUMap2;
				PRODUCT_NAME = "$(TARGET_NAME)";
				TARGETED_DEVICE_FAMILY = "1,2";
			};
			name = Debug;
		};
		4C7DE21B23614D1F00C444C2 /* Release */ = {
			isa = XCBuildConfiguration;
			baseConfigurationReference = 3EB21340DE6ED6F0DEAE0766 /* Pods-STUMap2.release.xcconfig */;
			buildSettings = {
				ASSETCATALOG_COMPILER_APPICON_NAME = AppIcon;
				CODE_SIGN_STYLE = Automatic;
				DEVELOPMENT_TEAM = Q58XYJ7VA6;
				INFOPLIST_FILE = STUMap2/Info.plist;
				LD_RUNPATH_SEARCH_PATHS = (
					"$(inherited)",
					"@executable_path/Frameworks",
				);
				LIBRARY_SEARCH_PATHS = (
					"$(inherited)",
					"$(PROJECT_DIR)/STUMap2/iOSDemo/Jpush-Demo/Pods/JCore",
					"$(PROJECT_DIR)/STUMap2/iOSDemo/Jpush-Demo/Pods/JPush",
				);
				PRODUCT_BUNDLE_IDENTIFIER = hwl.STUMap2;
				PRODUCT_NAME = "$(TARGET_NAME)";
				TARGETED_DEVICE_FAMILY = "1,2";
			};
			name = Release;
		};
		4C7DE21D23614D1F00C444C2 /* Debug */ = {
			isa = XCBuildConfiguration;
			buildSettings = {
				BUNDLE_LOADER = "$(TEST_HOST)";
				CODE_SIGN_STYLE = Automatic;
				INFOPLIST_FILE = STUMap2Tests/Info.plist;
				IPHONEOS_DEPLOYMENT_TARGET = 13.0;
				LD_RUNPATH_SEARCH_PATHS = (
					"$(inherited)",
					"@executable_path/Frameworks",
					"@loader_path/Frameworks",
				);
				PRODUCT_BUNDLE_IDENTIFIER = hwl.STUMap2Tests;
				PRODUCT_NAME = "$(TARGET_NAME)";
				TARGETED_DEVICE_FAMILY = "1,2";
				TEST_HOST = "$(BUILT_PRODUCTS_DIR)/STUMap2.app/STUMap2";
			};
			name = Debug;
		};
		4C7DE21E23614D1F00C444C2 /* Release */ = {
			isa = XCBuildConfiguration;
			buildSettings = {
				BUNDLE_LOADER = "$(TEST_HOST)";
				CODE_SIGN_STYLE = Automatic;
				INFOPLIST_FILE = STUMap2Tests/Info.plist;
				IPHONEOS_DEPLOYMENT_TARGET = 13.0;
				LD_RUNPATH_SEARCH_PATHS = (
					"$(inherited)",
					"@executable_path/Frameworks",
					"@loader_path/Frameworks",
				);
				PRODUCT_BUNDLE_IDENTIFIER = hwl.STUMap2Tests;
				PRODUCT_NAME = "$(TARGET_NAME)";
				TARGETED_DEVICE_FAMILY = "1,2";
				TEST_HOST = "$(BUILT_PRODUCTS_DIR)/STUMap2.app/STUMap2";
			};
			name = Release;
		};
		4C7DE22023614D1F00C444C2 /* Debug */ = {
			isa = XCBuildConfiguration;
			buildSettings = {
				CODE_SIGN_STYLE = Automatic;
				INFOPLIST_FILE = STUMap2UITests/Info.plist;
				LD_RUNPATH_SEARCH_PATHS = (
					"$(inherited)",
					"@executable_path/Frameworks",
					"@loader_path/Frameworks",
				);
				PRODUCT_BUNDLE_IDENTIFIER = hwl.STUMap2UITests;
				PRODUCT_NAME = "$(TARGET_NAME)";
				TARGETED_DEVICE_FAMILY = "1,2";
				TEST_TARGET_NAME = STUMap2;
			};
			name = Debug;
		};
		4C7DE22123614D1F00C444C2 /* Release */ = {
			isa = XCBuildConfiguration;
			buildSettings = {
				CODE_SIGN_STYLE = Automatic;
				INFOPLIST_FILE = STUMap2UITests/Info.plist;
				LD_RUNPATH_SEARCH_PATHS = (
					"$(inherited)",
					"@executable_path/Frameworks",
					"@loader_path/Frameworks",
				);
				PRODUCT_BUNDLE_IDENTIFIER = hwl.STUMap2UITests;
				PRODUCT_NAME = "$(TARGET_NAME)";
				TARGETED_DEVICE_FAMILY = "1,2";
				TEST_TARGET_NAME = STUMap2;
			};
			name = Release;
		};
/* End XCBuildConfiguration section */

/* Begin XCConfigurationList section */
		4C7DE1E523614D1700C444C2 /* Build configuration list for PBXProject "STUMap2" */ = {
			isa = XCConfigurationList;
			buildConfigurations = (
				4C7DE21723614D1F00C444C2 /* Debug */,
				4C7DE21823614D1F00C444C2 /* Release */,
			);
			defaultConfigurationIsVisible = 0;
			defaultConfigurationName = Release;
		};
		4C7DE21923614D1F00C444C2 /* Build configuration list for PBXNativeTarget "STUMap2" */ = {
			isa = XCConfigurationList;
			buildConfigurations = (
				4C7DE21A23614D1F00C444C2 /* Debug */,
				4C7DE21B23614D1F00C444C2 /* Release */,
			);
			defaultConfigurationIsVisible = 0;
			defaultConfigurationName = Release;
		};
		4C7DE21C23614D1F00C444C2 /* Build configuration list for PBXNativeTarget "STUMap2Tests" */ = {
			isa = XCConfigurationList;
			buildConfigurations = (
				4C7DE21D23614D1F00C444C2 /* Debug */,
				4C7DE21E23614D1F00C444C2 /* Release */,
			);
			defaultConfigurationIsVisible = 0;
			defaultConfigurationName = Release;
		};
		4C7DE21F23614D1F00C444C2 /* Build configuration list for PBXNativeTarget "STUMap2UITests" */ = {
			isa = XCConfigurationList;
			buildConfigurations = (
				4C7DE22023614D1F00C444C2 /* Debug */,
				4C7DE22123614D1F00C444C2 /* Release */,
			);
			defaultConfigurationIsVisible = 0;
			defaultConfigurationName = Release;
		};
/* End XCConfigurationList section */

/* Begin XCVersionGroup section */
		4C7DE44A23656EF700C444C2 /* StoryDB.xcdatamodeld */ = {
			isa = XCVersionGroup;
			children = (
				4C7DE44B23656EF700C444C2 /* StoryDB.xcdatamodel */,
			);
			currentVersion = 4C7DE44B23656EF700C444C2 /* StoryDB.xcdatamodel */;
			path = StoryDB.xcdatamodeld;
			sourceTree = "<group>";
			versionGroupType = wrapper.xcdatamodel;
		};
/* End XCVersionGroup section */
	};
	rootObject = 4C7DE1E223614D1700C444C2 /* Project object */;
}
